Microsoft Visual Studio Solution File, Format Version 12.00
# Visual Studio Version 17
VisualStudioVersion = 17.13.36105.23
MinimumVisualStudioVersion = 10.0.40219.1
Project("{FAE04EC0-301F-11D3-BF4B-00C04F79EFBC}") = "DBF", "DBF.csproj", "{47BF2200-16DD-39BE-06F2-2DCEDC8AC6EE}"
EndProject
Project("{FAE04EC0-301F-11D3-BF4B-00C04F79EFBC}") = "Caliburn.Micro.Core", "..\Common Libs\Caliburn.Micro4\src\Caliburn.Micro.Core\Caliburn.Micro.Core.csproj", "{020DBE89-214A-0989-30E6-2C5A6E5E9C3E}"
EndProject
Project("{FAE04EC0-301F-11D3-BF4B-00C04F79EFBC}") = "Caliburn.Micro.Platform", "..\Common Libs\Caliburn.Micro4\src\Caliburn.Micro.Platform\Caliburn.Micro.Platform.csproj", "{A09305AF-CE96-B17D-FD8B-81FC2217FD63}"
EndProject
Project("{FAE04EC0-301F-11D3-BF4B-00C04F79EFBC}") = "Caliburn.Micro.Platform.Core", "..\Common Libs\Caliburn.Micro4\src\Caliburn.Micro.Platform.Core\Caliburn.Micro.Platform.Core.csproj", "{EE867254-C76E-15E8-8B93-99F2D6705ED9}"
EndProject
Global
	GlobalSection(SolutionConfigurationPlatforms) = preSolution
		Debug|Any CPU = Debug|Any CPU
		ProdTest|Any CPU = ProdTest|Any CPU
		Profile|Any CPU = Profile|Any CPU
		Release|Any CPU = Release|Any CPU
	EndGlobalSection
	GlobalSection(ProjectConfigurationPlatforms) = postSolution
		{47BF2200-16DD-39BE-06F2-2DCEDC8AC6EE}.Debug|Any CPU.ActiveCfg = Debug|x64
		{47BF2200-16DD-39BE-06F2-2DCEDC8AC6EE}.Debug|Any CPU.Build.0 = Debug|x64
		{47BF2200-16DD-39BE-06F2-2DCEDC8AC6EE}.ProdTest|Any CPU.ActiveCfg = ProdTest|Any CPU
		{47BF2200-16DD-39BE-06F2-2DCEDC8AC6EE}.ProdTest|Any CPU.Build.0 = ProdTest|Any CPU
		{47BF2200-16DD-39BE-06F2-2DCEDC8AC6EE}.Profile|Any CPU.ActiveCfg = Profile|Any CPU
		{47BF2200-16DD-39BE-06F2-2DCEDC8AC6EE}.Profile|Any CPU.Build.0 = Profile|Any CPU
		{47BF2200-16DD-39BE-06F2-2DCEDC8AC6EE}.Release|Any CPU.ActiveCfg = Release|Any CPU
		{47BF2200-16DD-39BE-06F2-2DCEDC8AC6EE}.Release|Any CPU.Build.0 = Release|Any CPU
		{020DBE89-214A-0989-30E6-2C5A6E5E9C3E}.Debug|Any CPU.ActiveCfg = Debug|x64
		{020DBE89-214A-0989-30E6-2C5A6E5E9C3E}.Debug|Any CPU.Build.0 = Debug|x64
		{020DBE89-214A-0989-30E6-2C5A6E5E9C3E}.ProdTest|Any CPU.ActiveCfg = Release|x64
		{020DBE89-214A-0989-30E6-2C5A6E5E9C3E}.ProdTest|Any CPU.Build.0 = Release|x64
		{020DBE89-214A-0989-30E6-2C5A6E5E9C3E}.Profile|Any CPU.ActiveCfg = Release|x64
		{020DBE89-214A-0989-30E6-2C5A6E5E9C3E}.Profile|Any CPU.Build.0 = Release|x64
		{020DBE89-214A-0989-30E6-2C5A6E5E9C3E}.Release|Any CPU.ActiveCfg = Release|x64
		{020DBE89-214A-0989-30E6-2C5A6E5E9C3E}.Release|Any CPU.Build.0 = Release|x64
		{A09305AF-CE96-B17D-FD8B-81FC2217FD63}.Debug|Any CPU.ActiveCfg = Debug|x64
		{A09305AF-CE96-B17D-FD8B-81FC2217FD63}.Debug|Any CPU.Build.0 = Debug|x64
		{A09305AF-CE96-B17D-FD8B-81FC2217FD63}.ProdTest|Any CPU.ActiveCfg = Release|x64
		{A09305AF-CE96-B17D-FD8B-81FC2217FD63}.ProdTest|Any CPU.Build.0 = Release|x64
		{A09305AF-CE96-B17D-FD8B-81FC2217FD63}.Profile|Any CPU.ActiveCfg = Release|x64
		{A09305AF-CE96-B17D-FD8B-81FC2217FD63}.Profile|Any CPU.Build.0 = Release|x64
		{A09305AF-CE96-B17D-FD8B-81FC2217FD63}.Release|Any CPU.ActiveCfg = Release|x64
		{A09305AF-CE96-B17D-FD8B-81FC2217FD63}.Release|Any CPU.Build.0 = Release|x64
		{EE867254-C76E-15E8-8B93-99F2D6705ED9}.Debug|Any CPU.ActiveCfg = Debug|x64
		{EE867254-C76E-15E8-8B93-99F2D6705ED9}.Debug|Any CPU.Build.0 = Debug|x64
		{EE867254-C76E-15E8-8B93-99F2D6705ED9}.ProdTest|Any CPU.ActiveCfg = ProdTest|x64
		{EE867254-C76E-15E8-8B93-99F2D6705ED9}.ProdTest|Any CPU.Build.0 = ProdTest|x64
		{EE867254-C76E-15E8-8B93-99F2D6705ED9}.Profile|Any CPU.ActiveCfg = Profile|x64
		{EE867254-C76E-15E8-8B93-99F2D6705ED9}.Profile|Any CPU.Build.0 = Profile|x64
		{EE867254-C76E-15E8-8B93-99F2D6705ED9}.Release|Any CPU.ActiveCfg = Release|x64
		{EE867254-C76E-15E8-8B93-99F2D6705ED9}.Release|Any CPU.Build.0 = Release|x64
	EndGlobalSection
	GlobalSection(SolutionProperties) = preSolution
		HideSolutionNode = FALSE
	EndGlobalSection
	GlobalSection(ExtensibilityGlobals) = postSolution
		SolutionGuid = {98E0695C-E197-4C89-968E-D0F2B6E2C122}
	EndGlobalSection
EndGlobal
